
Microsoft Visual Studio Solution File, Format Version 12.00
# Visual Studio 2013
VisualStudioVersion = 12.0.31101.0
MinimumVisualStudioVersion = 10.0.40219.1
Project("{FAE04EC0-301F-11D3-BF4B-00C04F79EFBC}") = "School.Models", "School.Models\School.Models.csproj", "{49C59340-50F5-40AB-8EBA-B357AC648A7A}"
EndProject
Project("{FAE04EC0-301F-11D3-BF4B-00C04F79EFBC}") = "School.Data", "School.Data\School.Data.csproj", "{9E3AAC21-9BA1-4A9B-A905-F68B9E59254C}"
EndProject
Project("{2150E333-8FDC-42A3-9474-1A3956D46DE8}") = "ExternalLibraries", "ExternalLibraries", "{AE2344AF-F658-483F-9BE9-7B00F13C99C6}"
EndProject
Project("{FAE04EC0-301F-11D3-BF4B-00C04F79EFBC}") = "School.Web", "School.Web\School.Web.csproj", "{C763BA53-E4EB-40FE-84B3-9DB31E70B892}"
EndProject
Project("{FAE04EC0-301F-11D3-BF4B-00C04F79EFBC}") = "School.Services", "School.Services\School.Services.csproj", "{FC12E498-1356-4560-8015-DB3C6B6F80CC}"
EndProject
Project("{FAE04EC0-301F-11D3-BF4B-00C04F79EFBC}") = "School.Tests", "School.Tests\School.Tests.csproj", "{44573DEF-5A97-4343-9FB5-443A86F41DA4}"
EndProject
Project("{FAE04EC0-301F-11D3-BF4B-00C04F79EFBC}") = "School.Common", "School.Common\School.Common.csproj", "{874CDE81-AE4D-44E4-860D-728E53CB7E38}"
EndProject
Global
	GlobalSection(SolutionConfigurationPlatforms) = preSolution
		Debug|Any CPU = Debug|Any CPU
		Release|Any CPU = Release|Any CPU
	EndGlobalSection
	GlobalSection(ProjectConfigurationPlatforms) = postSolution
		{49C59340-50F5-40AB-8EBA-B357AC648A7A}.Debug|Any CPU.ActiveCfg = Debug|Any CPU
		{49C59340-50F5-40AB-8EBA-B357AC648A7A}.Debug|Any CPU.Build.0 = Debug|Any CPU
		{49C59340-50F5-40AB-8EBA-B357AC648A7A}.Release|Any CPU.ActiveCfg = Release|Any CPU
		{49C59340-50F5-40AB-8EBA-B357AC648A7A}.Release|Any CPU.Build.0 = Release|Any CPU
		{9E3AAC21-9BA1-4A9B-A905-F68B9E59254C}.Debug|Any CPU.ActiveCfg = Debug|Any CPU
		{9E3AAC21-9BA1-4A9B-A905-F68B9E59254C}.Debug|Any CPU.Build.0 = Debug|Any CPU
		{9E3AAC21-9BA1-4A9B-A905-F68B9E59254C}.Release|Any CPU.ActiveCfg = Release|Any CPU
		{9E3AAC21-9BA1-4A9B-A905-F68B9E59254C}.Release|Any CPU.Build.0 = Release|Any CPU
		{C763BA53-E4EB-40FE-84B3-9DB31E70B892}.Debug|Any CPU.ActiveCfg = Debug|Any CPU
		{C763BA53-E4EB-40FE-84B3-9DB31E70B892}.Debug|Any CPU.Build.0 = Debug|Any CPU
		{C763BA53-E4EB-40FE-84B3-9DB31E70B892}.Release|Any CPU.ActiveCfg = Release|Any CPU
		{C763BA53-E4EB-40FE-84B3-9DB31E70B892}.Release|Any CPU.Build.0 = Release|Any CPU
		{FC12E498-1356-4560-8015-DB3C6B6F80CC}.Debug|Any CPU.ActiveCfg = Debug|Any CPU
		{FC12E498-1356-4560-8015-DB3C6B6F80CC}.Debug|Any CPU.Build.0 = Debug|Any CPU
		{FC12E498-1356-4560-8015-DB3C6B6F80CC}.Release|Any CPU.ActiveCfg = Release|Any CPU
		{FC12E498-1356-4560-8015-DB3C6B6F80CC}.Release|Any CPU.Build.0 = Release|Any CPU
		{44573DEF-5A97-4343-9FB5-443A86F41DA4}.Debug|Any CPU.ActiveCfg = Debug|Any CPU
		{44573DEF-5A97-4343-9FB5-443A86F41DA4}.Debug|Any CPU.Build.0 = Debug|Any CPU
		{44573DEF-5A97-4343-9FB5-443A86F41DA4}.Release|Any CPU.ActiveCfg = Release|Any CPU
		{44573DEF-5A97-4343-9FB5-443A86F41DA4}.Release|Any CPU.Build.0 = Release|Any CPU
		{874CDE81-AE4D-44E4-860D-728E53CB7E38}.Debug|Any CPU.ActiveCfg = Debug|Any CPU
		{874CDE81-AE4D-44E4-860D-728E53CB7E38}.Debug|Any CPU.Build.0 = Debug|Any CPU
		{874CDE81-AE4D-44E4-860D-728E53CB7E38}.Release|Any CPU.ActiveCfg = Release|Any CPU
		{874CDE81-AE4D-44E4-860D-728E53CB7E38}.Release|Any CPU.Build.0 = Release|Any CPU
	EndGlobalSection
	GlobalSection(SolutionProperties) = preSolution
		HideSolutionNode = FALSE
	EndGlobalSection
EndGlobal
